[[package]]
name = "certifi"
version = "2021.10.8"
description = "Python package for providing Mozilla's CA Bundle."
category = "main"
optional = false
python-versions = "*"

[[package]]
name = "charset-normalizer"
version = "2.0.12"
description = "The Real First Universal Charset Detector. Open, modern and actively maintained alternative to Chardet."
category = "main"
optional = false
python-versions = ">=3.5.0"

[package.extras]
unicode_backport = ["unicodedata2"]

[[package]]
name = "dbus-python"
version = "1.2.18"
description = "Python bindings for libdbus"
category = "main"
optional = false
python-versions = "*"

[[package]]
name = "distro"
version = "1.6.0"
description = "Distro - an OS platform information API"
category = "main"
optional = false
python-versions = "*"

[[package]]
name = "django"
version = "1.11.29"
description = "A high-level Python Web framework that encourages rapid development and clean, pragmatic design."
category = "main"
optional = false
python-versions = "*"

[package.dependencies]
pytz = "*"

[package.extras]
argon2 = ["argon2-cffi (>=16.1.0)"]
bcrypt = ["bcrypt"]

[[package]]
name = "django-braces"
version = "1.13.0"
description = "Reusable, generic mixins for Django"
category = "main"
optional = false
python-versions = "*"

[[package]]
name = "django-oauth-toolkit"
version = "1.1.2"
description = "OAuth2 Provider for Django"
category = "main"
optional = false
python-versions = "*"

[package.dependencies]
django = ">=1.11"
oauthlib = ">=2.0.3"
requests = ">=2.13.0"

[[package]]
name = "django-pipeline"
version = "1.6.9"
description = "Pipeline is an asset packaging library for Django."
category = "main"
optional = false
python-versions = "*"

[[package]]
name = "djangorestframework"
version = "3.9.3"
description = "Web APIs for Django, made easy."
category = "main"
optional = false
python-versions = ">=2.7, !=3.0.*, !=3.1.*, !=3.2.*, !=3.3.*"

[[package]]
name = "gevent"
version = "1.1.2"
description = "Coroutine-based network library (python 2.6 - 3.5)"
category = "main"
optional = false
python-versions = "*"

[package.dependencies]
greenlet = ">=0.4.9"

[[package]]
name = "gevent-websocket"
version = "0.9.5"
description = "Websocket handler for the gevent pywsgi server, a Python network library"
category = "main"
optional = false
python-versions = "*"

[package.dependencies]
gevent = "*"

[[package]]
name = "greenlet"
version = "2.0.2"
description = "Lightweight in-process concurrent programming"
category = "main"
optional = false
python-versions = ">=2.7,!=3.0.*,!=3.1.*,!=3.2.*,!=3.3.*,!=3.4.*"

[package.extras]
docs = ["docutils (<0.18)", "sphinx"]
test = ["objgraph", "psutil"]

[[package]]
name = "gunicorn"
version = "19.10.0"
description = "WSGI HTTP Server for UNIX"
category = "main"
optional = false
python-versions = ">=2.6, !=3.0.*, !=3.1.*"

[package.extras]
eventlet = ["eventlet (>=0.9.7)"]
gevent = ["gevent (>=0.13)"]
tornado = ["tornado (>=0.2)"]

[[package]]
name = "huey"
version = "2.3.0"
description = "huey, a little task queue"
category = "main"
optional = false
python-versions = "*"

[package.extras]
backends = ["redis (>=3.0.0)"]
redis = ["redis (>=3.0.0)"]

[[package]]
name = "idna"
version = "2.10"
description = "Internationalized Domain Names in Applications (IDNA)"
category = "main"
optional = false
python-versions = ">=2.7, !=3.0.*, !=3.1.*, !=3.2.*, !=3.3.*"

[[package]]
name = "mock"
version = "1.0.1"
description = "A Python Mocking and Patching Library for Testing"
category = "main"
optional = false
python-versions = "*"

[[package]]
name = "oauthlib"
version = "3.1.0"
description = "A generic, spec-compliant, thorough implementation of the OAuth request-signing logic"
category = "main"
optional = false
python-versions = ">=2.7, !=3.0.*, !=3.1.*, !=3.2.*, !=3.3.*"

[package.extras]
rsa = ["cryptography"]
signals = ["blinker"]
signedtoken = ["cryptography", "pyjwt (>=1.0.0)"]

[[package]]
name = "psutil"
version = "5.9.4"
description = "Cross-platform lib for process and system monitoring in Python."
category = "main"
optional = false
python-versions = ">=2.7, !=3.0.*, !=3.1.*, !=3.2.*, !=3.3.*"

[package.extras]
test = ["enum34", "ipaddress", "mock", "pywin32", "wmi"]

[[package]]
name = "psycogreen"
version = "1.0"
description = "psycopg2 integration with coroutine libraries"
category = "main"
optional = false
python-versions = "*"

[[package]]
name = "psycopg2"
version = "2.8.6"
description = "psycopg2 - Python-PostgreSQL Database Adapter"
category = "main"
optional = false
python-versions = ">=2.7,!=3.0.*,!=3.1.*,!=3.2.*,!=3.3.*"

[[package]]
name = "python-engineio"
version = "2.3.2"
description = "Engine.IO server"
category = "main"
optional = false
python-versions = "*"

[package.dependencies]
six = ">=1.9.0"

[[package]]
name = "python-socketio"
version = "1.6.0"
description = "Socket.IO server"
category = "main"
optional = false
python-versions = "*"

[package.dependencies]
python-engineio = ">=1.0.0"
six = ">=1.9.0"

[[package]]
name = "pytz"
version = "2022.6"
description = "World timezone definitions, modern and historical"
category = "main"
optional = false
python-versions = "*"

[[package]]
name = "pyzmq"
version = "19.0.2"
description = "Python bindings for 0MQ"
category = "main"
optional = false
python-versions = ">=2.7,!=3.0.*,!=3.1.*,!=3.2.*"

[[package]]
name = "requests"
version = "2.27.1"
description = "Python HTTP for Humans."
category = "main"
optional = false
python-versions = ">=2.7, !=3.0.*, !=3.1.*, !=3.2.*, !=3.3.*, !=3.4.*, !=3.5.*"

[package.dependencies]
certifi = ">=2017.4.17"
charset-normalizer = {version = ">=2.0.0,<2.1.0", markers = "python_version >= \"3\""}
idna = {version = ">=2.5,<4", markers = "python_version >= \"3\""}
urllib3 = ">=1.21.1,<1.27"

[package.extras]
socks = ["PySocks (>=1.5.6,!=1.5.7)", "win-inet-pton"]
use_chardet_on_py3 = ["chardet (>=3.0.2,<5)"]

[[package]]
name = "six"
version = "1.16.0"
description = "Python 2 and 3 compatibility utilities"
category = "main"
optional = false
python-versions = ">=2.7, !=3.0.*, !=3.1.*, !=3.2.*"

[[package]]
name = "supervisor"
version = "4.2.4"
description = "A system for controlling process state under UNIX"
category = "main"
optional = false
python-versions = "*"

[package.extras]
testing = ["pytest", "pytest-cov"]

[[package]]
name = "urllib3"
version = "1.26.12"
description = "HTTP library with thread-safe connection pooling, file post, and more."
category = "main"
optional = false
python-versions = ">=2.7, !=3.0.*, !=3.1.*, !=3.2.*, !=3.3.*, !=3.4.*, !=3.5.*, <4"

[package.extras]
brotli = ["brotli (>=1.0.9)", "brotlicffi (>=0.8.0)", "brotlipy (>=0.6.0)"]
secure = ["certifi", "cryptography (>=1.3.4)", "idna (>=2.0.0)", "ipaddress", "pyOpenSSL (>=0.14)", "urllib3-secure-extra"]
socks = ["PySocks (>=1.5.6,!=1.5.7,<2.0)"]

[[package]]
name = "urlobject"
version = "2.1.1"
description = "A utility class for manipulating URLs."
category = "main"
optional = false
python-versions = "*"

[metadata]
lock-version = "1.1"
python-versions = "~3.6"
content-hash = "b30e1b8c58883996f0af4898c6963b3b58519921686f1920f4ed7e2b64350764"

[metadata.files]
certifi = [
    {file = "certifi-2021.10.8-py2.py3-none-any.whl", hash = "sha256:d62a0163eb4c2344ac042ab2bdf75399a71a2d8c7d47eac2e2ee91b9d6339569"},
    {file = "certifi-2021.10.8.tar.gz", hash = "sha256:78884e7c1d4b00ce3cea67b44566851c4343c120abd683433ce934a68ea58872"},
]
charset-normalizer = [
    {file = "charset-normalizer-2.0.12.tar.gz", hash = "sha256:2857e29ff0d34db842cd7ca3230549d1a697f96ee6d3fb071cfa6c7393832597"},
    {file = "charset_normalizer-2.0.12-py3-none-any.whl", hash = "sha256:6881edbebdb17b39b4eaaa821b438bf6eddffb4468cf344f09f89def34a8b1df"},
]
dbus-python = [
    {file = "dbus-python-1.2.18.tar.gz", hash = "sha256:92bdd1e68b45596c833307a5ff4b217ee6929a1502f5341bae28fd120acf7260"},
]
distro = [
    {file = "distro-1.6.0-py2.py3-none-any.whl", hash = "sha256:c8713330ab31a034623a9515663ed87696700b55f04556b97c39cd261aa70dc7"},
    {file = "distro-1.6.0.tar.gz", hash = "sha256:83f5e5a09f9c5f68f60173de572930effbcc0287bb84fdc4426cb4168c088424"},
]
django = [
    {file = "Django-1.11.29-py2.py3-none-any.whl", hash = "sha256:014e3392058d94f40569206a24523ce254d55ad2f9f46c6550b0fe2e4f94cf3f"},
    {file = "Django-1.11.29.tar.gz", hash = "sha256:4200aefb6678019a0acf0005cd14cfce3a5e6b9b90d06145fcdd2e474ad4329c"},
]
django-braces = [
    {file = "django-braces-1.13.0.tar.gz", hash = "sha256:ba68e98b817c6f01d71d10849f359979617b3fe4cefb7f289adefddced092ddc"},
    {file = "django_braces-1.13.0-py2.py3-none-any.whl", hash = "sha256:a457d74ea29478123c0c4652272681b3cea0bf1232187fd9f9b6f1d97d32a890"},
]
django-oauth-toolkit = [
    {file = "django-oauth-toolkit-1.1.2.tar.gz", hash = "sha256:5eb68432e0869451bad81d127bb2de7a20cb5c5343518bc8d24befe6eaa34e16"},
    {file = "django_oauth_toolkit-1.1.2-py2.py3-none-any.whl", hash = "sha256:c006e804ecfdc98ffeb943100dbb0b5e6d82c969c7cb672bc999f1f3a403cb01"},
]
django-pipeline = [
    {file = "django-pipeline-1.6.9.tar.gz", hash = "sha256:3eb391e59525beedf0a45d4b6ef7e6a3e69f720b7560a1a305e115eb33d5fb6c"},
    {file = "django_pipeline-1.6.9-py2.py3-none-any.whl", hash = "sha256:3ed7e5913c521a568ab3a9866d83b239b8c8c2e03a4d99689a87788aec3fa256"},
]
djangorestframework = [
    {file = "djangorestframework-3.9.3-py2.py3-none-any.whl", hash = "sha256:1d22971a5fc98becdbbad9710ca2a9148dd339f6cbea4c3ddbed2cb84bab94e1"},
    {file = "djangorestframework-3.9.3.tar.gz", hash = "sha256:2884763160b997073ff1e937bd820a69d23978902a3ccd0ba53a217e196239f0"},
]
gevent = [
    {file = "gevent-1.1.2-cp26-cp26m-macosx_10_11_intel.whl", hash = "sha256:ca934dc30f26e84c79e483db4de433702283ff02344d029635730ff9e7c1d416"},
    {file = "gevent-1.1.2-cp27-cp27m-macosx_10_6_intel.whl", hash = "sha256:f42de31de5f29a11f5480f76c05f3afce80e030333295718efd64bfb823e4e82"},
    {file = "gevent-1.1.2-cp27-cp27m-manylinux1_x86_64.whl", hash = "sha256:a24fb153e3c65d025c065b140e39998d483d4df6887b02503ba66debf32b49d6"},
    {file = "gevent-1.1.2-cp27-cp27m-win32.whl", hash = "sha256:a51f414f22f31a110823ff0365cb088dc3317a06227c85033d8523dd619ada72"},
    {file = "gevent-1.1.2-cp27-cp27m-win_amd64.whl", hash = "sha256:a4ce00048808d3c2ee7e8c83860595b0d2090724770e499056aec1c8947bd2d1"},
    {file = "gevent-1.1.2-cp27-cp27mu-manylinux1_x86_64.whl", hash = "sha256:d072a29ca28bb84d9433434e2675c44ca29635c0aa0ed51b1eecf216991fd204"},
    {file = "gevent-1.1.2-cp33-cp33m-manylinux1_x86_64.whl", hash = "sha256:2cb985038826eb353f5759dda2ec7bca581abf4e5c2e90b95ddb5d976dc785e6"},
    {file = "gevent-1.1.2-cp33-cp33m-win32.whl", hash = "sha256:9ce82526317a1279de2997e5da2744342ff0bd1459a14d75e749350966ae1e17"},
    {file = "gevent-1.1.2-cp33-cp33m-win_amd64.whl", hash = "sha256:2af2b6eae04ccfa0766a135c31056c92a127ebcb172858880d8309a9e57f52d8"},
    {file = "gevent-1.1.2-cp34-cp34m-macosx_10_6_intel.whl", hash = "sha256:bd0c6dcc30ec8014426e61a2cc429c7fcbcc26bd7b682bd590d31fce2d2bd843"},
    {file = "gevent-1.1.2-cp34-cp34m-manylinux1_x86_64.whl", hash = "sha256:720574505391b0f0817b092edfcbb97938d6d407ce912444a92267dab763eb8e"},
    {file = "gevent-1.1.2-cp34-cp34m-win32.whl", hash = "sha256:7188cbec74276e42ea0671ad479e4209f9f12d82bc542d21217a09f759e647e3"},
    {file = "gevent-1.1.2-cp34-cp34m-win_amd64.whl", hash = "sha256:c7f86e297b8ffff7e101993980062f053ebda92ed8c40ab3a9c53c50ff9ef408"},
    {file = "gevent-1.1.2-cp35-cp35m-macosx_10_6_intel.whl", hash = "sha256:26a622ad8da282b0fea17f3800bfc4eae9be89a53c22ffba5a2b357278b8f8e8"},
    {file = "gevent-1.1.2-cp35-cp35m-manylinux1_x86_64.whl", hash = "sha256:4552cc8ffefd4c5301ba75ac2720befb0001bc134e4e8c28475e96992e513300"},
    {file = "gevent-1.1.2-cp35-cp35m-win32.whl", hash = "sha256:468bc2aea02aa1963bd0c73803f0378530f60af8fc93a576d0ca79285d60e833"},
    {file = "gevent-1.1.2-cp35-cp35m-win_amd64.whl", hash = "sha256:58bdc8d1ca56e3dab833c2e2098a9afa98d0ff0f738c63e896138289c2a08b5e"},
    {file = "gevent-1.1.2-pp253-pypy_41-macosx_10_11_x86_64.whl", hash = "sha256:3963faca1c5e175fdcfeec3ee7116f3d8082be2f94e096871e9b08da10fa4c25"},
    {file = "gevent-1.1.2.tar.gz", hash = "sha256:cb15cf73d69a2eeefed330858f09634e2c50bf46da9f9e7635730fcfb872c02c"},
    {file = "gevent-1.1.2.win-amd64-py2.7.exe", hash = "sha256:911ebb03dee09e841d0f7ee367b1b8380f8918b3e30c3a822bc41599ae74d2a3"},
    {file = "gevent-1.1.2.win-amd64-py3.3.exe", hash = "sha256:f403a6b18b3cdb6de4c0140711de690071783433cd0f325c9e46c585497e580c"},
    {file = "gevent-1.1.2.win-amd64-py3.4.exe", hash = "sha256:3c43de92658eb4723572cd7e543340943e96bf4666f92a819d36f93653c39d15"},
    {file = "gevent-1.1.2.win-amd64-py3.5.exe", hash = "sha256:2feb3fddc0240373bfc0176d7625cb667132beef18009bf7101216baafd136e9"},
    {file = "gevent-1.1.2.win32-py2.7.exe", hash = "sha256:2f578b4469cbd2c5a59f353dacb81f8435b54afe4ec706c6155900aff39e8a12"},
    {file = "gevent-1.1.2.win32-py3.4.exe", hash = "sha256:7d8e8ff35decff1c70fd55959e74e5067505862828d875250a840d8031bf48c2"},
    {file = "gevent-1.1.2.win32-py3.5.exe", hash = "sha256:192439e55f6f99215ba98f95c53cf990b8380858d195d8c84ad60eb55ef4161b"},
]
gevent-websocket = [
    {file = "gevent-websocket-0.9.5.tar.gz", hash = "sha256:0091d6e6aa7298510cadcccb8068e1097a50d4e19090d0c055a93068d4530056"},
]
greenlet = [
    {file = "greenlet-2.0.2-cp27-cp27m-macosx_10_14_x86_64.whl", hash = "sha256:bdfea8c661e80d3c1c99ad7c3ff74e6e87184895bbaca6ee8cc61209f8b9b85d"},
    {file = "greenlet-2.0.2-cp27-cp27m-manylinux2010_x86_64.whl", hash = "sha256:9d14b83fab60d5e8abe587d51c75b252bcc21683f24699ada8fb275d7712f5a9"},
    {file = "greenlet-2.0.2-cp27-cp27m-win32.whl", hash = "sha256:6c3acb79b0bfd4fe733dff8bc62695283b57949ebcca05ae5c129eb606ff2d74"},
    {file = "greenlet-2.0.2-cp27-cp27m-win_amd64.whl", hash = "sha256:283737e0da3f08bd637b5ad058507e578dd462db259f7f6e4c5c365ba4ee9343"},
    {file = "greenlet-2.0.2-cp27-cp27mu-manylinux2010_x86_64.whl", hash = "sha256:d27ec7509b9c18b6d73f2f5ede2622441de812e7b1a80bbd446cb0633bd3d5ae"},
    {file = "greenlet-2.0.2-cp310-cp310-macosx_11_0_x86_64.whl", hash = "sha256:30bcf80dda7f15ac77ba5af2b961bdd9dbc77fd4ac6105cee85b0d0a5fcf74df"},
    {file = "greenlet-2.0.2-cp310-cp310-manylinux_2_17_aarch64.manylinux2014_aarch64.whl", hash = "sha256:26fbfce90728d82bc9e6c38ea4d038cba20b7faf8a0ca53a9c07b67318d46088"},
    {file = "greenlet-2.0.2-cp310-cp310-manylinux_2_17_ppc64le.manylinux2014_ppc64le.whl", hash = "sha256:9190f09060ea4debddd24665d6804b995a9c122ef5917ab26e1566dcc712ceeb"},
    {file = "greenlet-2.0.2-cp310-cp310-manylinux_2_17_x86_64.manylinux2014_x86_64.whl", hash = "sha256:d75209eed723105f9596807495d58d10b3470fa6732dd6756595e89925ce2470"},
    {file = "greenlet-2.0.2-cp310-cp310-musllinux_1_1_aarch64.whl", hash = "sha256:3a51c9751078733d88e013587b108f1b7a1fb106d402fb390740f002b6f6551a"},
    {file = "greenlet-2.0.2-cp310-cp310-musllinux_1_1_x86_64.whl", hash = "sha256:76ae285c8104046b3a7f06b42f29c7b73f77683df18c49ab5af7983994c2dd91"},
    {file = "greenlet-2.0.2-cp310-cp310-win_amd64.whl", hash = "sha256:2d4686f195e32d36b4d7cf2d166857dbd0ee9f3d20ae349b6bf8afc8485b3645"},
    {file = "greenlet-2.0.2-cp311-cp311-macosx_10_9_universal2.whl", hash = "sha256:c4302695ad8027363e96311df24ee28978162cdcdd2006476c43970b384a244c"},
    {file = "greenlet-2.0.2-cp311-cp311-manylinux_2_17_aarch64.manylinux2014_aarch64.whl", hash = "sha256:c48f54ef8e05f04d6eff74b8233f6063cb1ed960243eacc474ee73a2ea8573ca"},
    {file = "greenlet-2.0.2-cp311-cp311-manylinux_2_17_ppc64le.manylinux2014_ppc64le.whl", hash = "sha256:a1846f1b999e78e13837c93c778dcfc3365902cfb8d1bdb7dd73ead37059f0d0"},
    {file = "greenlet-2.0.2-cp311-cp311-manylinux_2_17_x86_64.manylinux2014_x86_64.whl", hash = "sha256:3a06ad5312349fec0ab944664b01d26f8d1f05009566339ac6f63f56589bc1a2"},
    {file = "greenlet-2.0.2-cp311-cp311-musllinux_1_1_aarch64.whl", hash = "sha256:eff4eb9b7eb3e4d0cae3d28c283dc16d9bed6b193c2e1ace3ed86ce48ea8df19"},
    {file = "greenlet-2.0.2-cp311-cp311-musllinux_1_1_x86_64.whl", hash = "sha256:5454276c07d27a740c5892f4907c86327b632127dd9abec42ee62e12427ff7e3"},
    {file = "greenlet-2.0.2-cp311-cp311-win_amd64.whl", hash = "sha256:7cafd1208fdbe93b67c7086876f061f660cfddc44f404279c1585bbf3cdc64c5"},
    {file = "greenlet-2.0.2-cp35-cp35m-macosx_10_14_x86_64.whl", hash = "sha256:910841381caba4f744a44bf81bfd573c94e10b3045ee00de0cbf436fe50673a6"},
    {file = "greenlet-2.0.2-cp35-cp35m-manylinux2010_x86_64.whl", hash = "sha256:18a7f18b82b52ee85322d7a7874e676f34ab319b9f8cce5de06067384aa8ff43"},
    {file = "greenlet-2.0.2-cp35-cp35m-win32.whl", hash = "sha256:03a8f4f3430c3b3ff8d10a2a86028c660355ab637cee9333d63d66b56f09d52a"},
    {file = "greenlet-2.0.2-cp35-cp35m-win_amd64.whl", hash = "sha256:4b58adb399c4d61d912c4c331984d60eb66565175cdf4a34792cd9600f21b394"},
    {file = "greenlet-2.0.2-cp36-cp36m-macosx_10_14_x86_64.whl", hash = "sha256:703f18f3fda276b9a916f0934d2fb6d989bf0b4fb5a64825260eb9bfd52d78f0"},
    {file = "greenlet-2.0.2-cp36-cp36m-manylinux2010_x86_64.whl", hash = "sha256:32e5b64b148966d9cccc2c8d35a671409e45f195864560829f395a54226408d3"},
    {file = "greenlet-2.0.2-cp36-cp36m-manylinux_2_17_aarch64.manylinux2014_aarch64.whl", hash = "sha256:2dd11f291565a81d71dab10b7033395b7a3a5456e637cf997a6f33ebdf06f8db"},
    {file = "greenlet-2.0.2-cp36-cp36m-manylinux_2_17_ppc64le.manylinux2014_ppc64le.whl", hash = "sha256:e0f72c9ddb8cd28532185f54cc1453f2c16fb417a08b53a855c4e6a418edd099"},
    {file = "greenlet-2.0.2-cp36-cp36m-manylinux_2_17_x86_64.manylinux2014_x86_64.whl", hash = "sha256:cd021c754b162c0fb55ad5d6b9d960db667faad0fa2ff25bb6e1301b0b6e6a75"},
    {file = "greenlet-2.0.2-cp36-cp36m-musllinux_1_1_aarch64.whl", hash = "sha256:3c9b12575734155d0c09d6c3e10dbd81665d5c18e1a7c6597df72fd05990c8cf"},
    {file = "greenlet-2.0.2-cp36-cp36m-musllinux_1_1_x86_64.whl", hash = "sha256:b9ec052b06a0524f0e35bd8790686a1da006bd911dd1ef7d50b77bfbad74e292"},
    {file = "greenlet-2.0.2-cp36-cp36m-win32.whl", hash = "sha256:dbfcfc0218093a19c252ca8eb9aee3d29cfdcb586df21049b9d777fd32c14fd9"},
    {file = "greenlet-2.0.2-cp36-cp36m-win_amd64.whl", hash = "sha256:9f35ec95538f50292f6d8f2c9c9f8a3c6540bbfec21c9e5b4b751e0a7c20864f"},
    {file = "greenlet-2.0.2-cp37-cp37m-macosx_10_15_x86_64.whl", hash = "sha256:d5508f0b173e6aa47273bdc0a0b5ba055b59662ba7c7ee5119528f466585526b"},
    {file = "greenlet-2.0.2-cp37-cp37m-manylinux2010_x86_64.whl", hash = "sha256:f82d4d717d8ef19188687aa32b8363e96062911e63ba22a0cff7802a8e58e5f1"},
    {file = "greenlet-2.0.2-cp37-cp37m-manylinux_2_17_aarch64.manylinux2014_aarch64.whl", hash = "sha256:c9c59a2120b55788e800d82dfa99b9e156ff8f2227f07c5e3012a45a399620b7"},
    {file = "greenlet-2.0.2-cp37-cp37m-manylinux_2_17_ppc64le.manylinux2014_ppc64le.whl", hash = "sha256:2780572ec463d44c1d3ae850239508dbeb9fed38e294c68d19a24d925d9223ca"},
    {file = "greenlet-2.0.2-cp37-cp37m-manylinux_2_17_x86_64.manylinux2014_x86_64.whl", hash = "sha256:937e9020b514ceedb9c830c55d5c9872abc90f4b5862f89c0887033ae33c6f73"},
    {file = "greenlet-2.0.2-cp37-cp37m-musllinux_1_1_aarch64.whl", hash = "sha256:36abbf031e1c0f79dd5d596bfaf8e921c41df2bdf54ee1eed921ce1f52999a86"},
    {file = "greenlet-2.0.2-cp37-cp37m-musllinux_1_1_x86_64.whl", hash = "sha256:18e98fb3de7dba1c0a852731c3070cf022d14f0d68b4c87a19cc1016f3bb8b33"},
    {file = "greenlet-2.0.2-cp37-cp37m-win32.whl", hash = "sha256:3f6ea9bd35eb450837a3d80e77b517ea5bc56b4647f5502cd28de13675ee12f7"},
    {file = "greenlet-2.0.2-cp37-cp37m-win_amd64.whl", hash = "sha256:7492e2b7bd7c9b9916388d9df23fa49d9b88ac0640db0a5b4ecc2b653bf451e3"},
    {file = "greenlet-2.0.2-cp38-cp38-macosx_10_15_x86_64.whl", hash = "sha256:b864ba53912b6c3ab6bcb2beb19f19edd01a6bfcbdfe1f37ddd1778abfe75a30"},
    {file = "greenlet-2.0.2-cp38-cp38-manylinux2010_x86_64.whl", hash = "sha256:ba2956617f1c42598a308a84c6cf021a90ff3862eddafd20c3333d50f0edb45b"},
    {file = "greenlet-2.0.2-cp38-cp38-manylinux_2_17_aarch64.manylinux2014_aarch64.whl", hash = "sha256:fc3a569657468b6f3fb60587e48356fe512c1754ca05a564f11366ac9e306526"},
    {file = "greenlet-2.0.2-cp38-cp38-manylinux_2_17_ppc64le.manylinux2014_ppc64le.whl", hash = "sha256:8eab883b3b2a38cc1e050819ef06a7e6344d4a990d24d45bc6f2cf959045a45b"},
    {file = "greenlet-2.0.2-cp38-cp38-manylinux_2_17_x86_64.manylinux2014_x86_64.whl", hash = "sha256:acd2162a36d3de67ee896c43effcd5ee3de247eb00354db411feb025aa319857"},
    {file = "greenlet-2.0.2-cp38-cp38-musllinux_1_1_aarch64.whl", hash = "sha256:0bf60faf0bc2468089bdc5edd10555bab6e85152191df713e2ab1fcc86382b5a"},
    {file = "greenlet-2.0.2-cp38-cp38-musllinux_1_1_x86_64.whl", hash = "sha256:b0ef99cdbe2b682b9ccbb964743a6aca37905fda5e0452e5ee239b1654d37f2a"},
    {file = "greenlet-2.0.2-cp38-cp38-win32.whl", hash = "sha256:b80f600eddddce72320dbbc8e3784d16bd3fb7b517e82476d8da921f27d4b249"},
    {file = "greenlet-2.0.2-cp38-cp38-win_amd64.whl", hash = "sha256:4d2e11331fc0c02b6e84b0d28ece3a36e0548ee1a1ce9ddde03752d9b79bba40"},
    {file = "greenlet-2.0.2-cp39-cp39-macosx_11_0_x86_64.whl", hash = "sha256:88d9ab96491d38a5ab7c56dd7a3cc37d83336ecc564e4e8816dbed12e5aaefc8"},
    {file = "greenlet-2.0.2-cp39-cp39-manylinux2010_x86_64.whl", hash = "sha256:561091a7be172ab497a3527602d467e2b3fbe75f9e783d8b8ce403fa414f71a6"},
    {file = "greenlet-2.0.2-cp39-cp39-manylinux_2_17_aarch64.manylinux2014_aarch64.whl", hash = "sha256:971ce5e14dc5e73715755d0ca2975ac88cfdaefcaab078a284fea6cfabf866df"},
    {file = "greenlet-2.0.2-cp39-cp39-manylinux_2_17_ppc64le.manylinux2014_ppc64le.whl", hash = "sha256:be4ed120b52ae4d974aa40215fcdfde9194d63541c7ded40ee12eb4dda57b76b"},
    {file = "greenlet-2.0.2-cp39-cp39-manylinux_2_17_x86_64.manylinux2014_x86_64.whl", hash = "sha256:94c817e84245513926588caf1152e3b559ff794d505555211ca041f032abbb6b"},
    {file = "greenlet-2.0.2-cp39-cp39-musllinux_1_1_aarch64.whl", hash = "sha256:1a819eef4b0e0b96bb0d98d797bef17dc1b4a10e8d7446be32d1da33e095dbb8"},
    {file = "greenlet-2.0.2-cp39-cp39-musllinux_1_1_x86_64.whl", hash = "sha256:7efde645ca1cc441d6dc4b48c0f7101e8d86b54c8530141b09fd31cef5149ec9"},
    {file = "greenlet-2.0.2-cp39-cp39-win32.whl", hash = "sha256:ea9872c80c132f4663822dd2a08d404073a5a9b5ba6155bea72fb2a79d1093b5"},
    {file = "greenlet-2.0.2-cp39-cp39-win_amd64.whl", hash = "sha256:db1a39669102a1d8d12b57de2bb7e2ec9066a6f2b3da35ae511ff93b01b5d564"},
    {file = "greenlet-2.0.2.tar.gz", hash = "sha256:e7c8dc13af7db097bed64a051d2dd49e9f0af495c26995c00a9ee842690d34c0"},
]
gunicorn = [
    {file = "gunicorn-19.10.0-py2.py3-none-any.whl", hash = "sha256:c3930fe8de6778ab5ea716cab432ae6335fa9f03b3f2c3e02529214c476f4bcb"},
    {file = "gunicorn-19.10.0.tar.gz", hash = "sha256:f9de24e358b841567063629cd0a656b26792a41e23a24d0dcb40224fc3940081"},
]
huey = [
    {file = "huey-2.3.0.tar.gz", hash = "sha256:76978840a875607cd77c283c4ebf3ea5071b2ec06a1ac428d63be0d88f1e7070"},
]
idna = [
    {file = "idna-2.10-py2.py3-none-any.whl", hash = "sha256:b97d804b1e9b523befed77c48dacec60e6dcb0b5391d57af6a65a312a90648c0"},
    {file = "idna-2.10.tar.gz", hash = "sha256:b307872f855b18632ce0c21c5e45be78c0ea7ae4c15c828c20788b26921eb3f6"},
]
mock = [
    {file = "mock-1.0.1.tar.gz", hash = "sha256:b839dd2d9c117c701430c149956918a423a9863b48b09c90e30a6013e7d2f44f"},
    {file = "mock-1.0.1.zip", hash = "sha256:8f83080daa249d036cbccfb8ae5cc6ff007b88d6d937521371afabe7b19badbc"},
]
oauthlib = [
    {file = "oauthlib-3.1.0-py2.py3-none-any.whl", hash = "sha256:df884cd6cbe20e32633f1db1072e9356f53638e4361bef4e8b03c9127c9328ea"},
    {file = "oauthlib-3.1.0.tar.gz", hash = "sha256:bee41cc35fcca6e988463cacc3bcb8a96224f470ca547e697b604cc697b2f889"},
]
psutil = [
    {file = "psutil-5.9.4-cp27-cp27m-macosx_10_9_x86_64.whl", hash = "sha256:c1ca331af862803a42677c120aff8a814a804e09832f166f226bfd22b56feee8"},
    {file = "psutil-5.9.4-cp27-cp27m-manylinux2010_i686.whl", hash = "sha256:68908971daf802203f3d37e78d3f8831b6d1014864d7a85937941bb35f09aefe"},
    {file = "psutil-5.9.4-cp27-cp27m-manylinux2010_x86_64.whl", hash = "sha256:3ff89f9b835100a825b14c2808a106b6fdcc4b15483141482a12c725e7f78549"},
    {file = "psutil-5.9.4-cp27-cp27m-win32.whl", hash = "sha256:852dd5d9f8a47169fe62fd4a971aa07859476c2ba22c2254d4a1baa4e10b95ad"},
    {file = "psutil-5.9.4-cp27-cp27m-win_amd64.whl", hash = "sha256:9120cd39dca5c5e1c54b59a41d205023d436799b1c8c4d3ff71af18535728e94"},
    {file = "psutil-5.9.4-cp27-cp27mu-manylinux2010_i686.whl", hash = "sha256:6b92c532979bafc2df23ddc785ed116fced1f492ad90a6830cf24f4d1ea27d24"},
    {file = "psutil-5.9.4-cp27-cp27mu-manylinux2010_x86_64.whl", hash = "sha256:efeae04f9516907be44904cc7ce08defb6b665128992a56957abc9b61dca94b7"},
    {file = "psutil-5.9.4-cp36-abi3-macosx_10_9_x86_64.whl", hash = "sha256:54d5b184728298f2ca8567bf83c422b706200bcbbfafdc06718264f9393cfeb7"},
    {file = "psutil-5.9.4-cp36-abi3-manylinux_2_12_i686.manylinux2010_i686.manylinux_2_17_i686.manylinux2014_i686.whl", hash = "sha256:16653106f3b59386ffe10e0bad3bb6299e169d5327d3f187614b1cb8f24cf2e1"},
    {file = "psutil-5.9.4-cp36-abi3-manylinux_2_12_x86_64.manylinux2010_x86_64.manylinux_2_17_x86_64.manylinux2014_x86_64.whl", hash = "sha256:54c0d3d8e0078b7666984e11b12b88af2db11d11249a8ac8920dd5ef68a66e08"},
    {file = "psutil-5.9.4-cp36-abi3-win32.whl", hash = "sha256:149555f59a69b33f056ba1c4eb22bb7bf24332ce631c44a319cec09f876aaeff"},
    {file = "psutil-5.9.4-cp36-abi3-win_amd64.whl", hash = "sha256:fd8522436a6ada7b4aad6638662966de0d61d241cb821239b2ae7013d41a43d4"},
    {file = "psutil-5.9.4-cp38-abi3-macosx_11_0_arm64.whl", hash = "sha256:6001c809253a29599bc0dfd5179d9f8a5779f9dffea1da0f13c53ee568115e1e"},
    {file = "psutil-5.9.4.tar.gz", hash = "sha256:3d7f9739eb435d4b1338944abe23f49584bde5395f27487d2ee25ad9a8774a62"},
]
psycogreen = [
    {file = "psycogreen-1.0.tar.gz", hash = "sha256:9acfa6cb5373bcf1eaf27c904d98d59c9f3bb0065cbb005f83ccc45055ace9a1"},
]
psycopg2 = [
    {file = "psycopg2-2.8.6-cp27-cp27m-win32.whl", hash = "sha256:068115e13c70dc5982dfc00c5d70437fe37c014c808acce119b5448361c03725"},
    {file = "psycopg2-2.8.6-cp27-cp27m-win_amd64.whl", hash = "sha256:d160744652e81c80627a909a0e808f3c6653a40af435744de037e3172cf277f5"},
    {file = "psycopg2-2.8.6-cp34-cp34m-win32.whl", hash = "sha256:b8cae8b2f022efa1f011cc753adb9cbadfa5a184431d09b273fb49b4167561ad"},
    {file = "psycopg2-2.8.6-cp34-cp34m-win_amd64.whl", hash = "sha256:f22ea9b67aea4f4a1718300908a2fb62b3e4276cf00bd829a97ab5894af42ea3"},
    {file = "psycopg2-2.8.6-cp35-cp35m-win32.whl", hash = "sha256:26e7fd115a6db75267b325de0fba089b911a4a12ebd3d0b5e7acb7028bc46821"},
    {file = "psycopg2-2.8.6-cp35-cp35m-win_amd64.whl", hash = "sha256:00195b5f6832dbf2876b8bf77f12bdce648224c89c880719c745b90515233301"},
    {file = "psycopg2-2.8.6-cp36-cp36m-win32.whl", hash = "sha256:a49833abfdede8985ba3f3ec641f771cca215479f41523e99dace96d5b8cce2a"},
    {file = "psycopg2-2.8.6-cp36-cp36m-win_amd64.whl", hash = "sha256:f974c96fca34ae9e4f49839ba6b78addf0346777b46c4da27a7bf54f48d3057d"},
    {file = "psycopg2-2.8.6-cp37-cp37m-win32.whl", hash = "sha256:6a3d9efb6f36f1fe6aa8dbb5af55e067db802502c55a9defa47c5a1dad41df84"},
    {file = "psycopg2-2.8.6-cp37-cp37m-win_amd64.whl", hash = "sha256:56fee7f818d032f802b8eed81ef0c1232b8b42390df189cab9cfa87573fe52c5"},
    {file = "psycopg2-2.8.6-cp38-cp38-win32.whl", hash = "sha256:ad2fe8a37be669082e61fb001c185ffb58867fdbb3e7a6b0b0d2ffe232353a3e"},
    {file = "psycopg2-2.8.6-cp38-cp38-win_amd64.whl", hash = "sha256:56007a226b8e95aa980ada7abdea6b40b75ce62a433bd27cec7a8178d57f4051"},
    {file = "psycopg2-2.8.6-cp39-cp39-win32.whl", hash = "sha256:2c93d4d16933fea5bbacbe1aaf8fa8c1348740b2e50b3735d1b0bf8154cbf0f3"},
    {file = "psycopg2-2.8.6-cp39-cp39-win_amd64.whl", hash = "sha256:d5062ae50b222da28253059880a871dc87e099c25cb68acf613d9d227413d6f7"},
    {file = "psycopg2-2.8.6.tar.gz", hash = "sha256:fb23f6c71107c37fd667cb4ea363ddeb936b348bbd6449278eb92c189699f543"},
]
python-engineio = [
    {file = "python-engineio-2.3.2.tar.gz", hash = "sha256:871f4d022eb9171e380281266ba2aef0759b264ba862350bc94e7a597a98a443"},
    {file = "python_engineio-2.3.2-py2.py3-none-any.whl", hash = "sha256:306a91fda59e3678b34755f475ff6b5b3dc0deb0272a23e213f2f259b5602c4c"},
]
python-socketio = [
    {file = "python-socketio-1.6.0.tar.gz", hash = "sha256:8b325e095b64675b00c05ca7072f4cd1a05054058feacbb8f7003ba72c60f076"},
]
pytz = [
    {file = "pytz-2022.6-py2.py3-none-any.whl", hash = "sha256:222439474e9c98fced559f1709d89e6c9cbf8d79c794ff3eb9f8800064291427"},
    {file = "pytz-2022.6.tar.gz", hash = "sha256:e89512406b793ca39f5971bc999cc538ce125c0e51c27941bef4568b460095e2"},
]
pyzmq = [
    {file = "pyzmq-19.0.2-cp27-cp27m-macosx_10_9_intel.whl", hash = "sha256:59f1e54627483dcf61c663941d94c4af9bf4163aec334171686cdaee67974fe5"},
    {file = "pyzmq-19.0.2-cp27-cp27m-win32.whl", hash = "sha256:c36ffe1e5aa35a1af6a96640d723d0d211c5f48841735c2aa8d034204e87eb87"},
    {file = "pyzmq-19.0.2-cp27-cp27m-win_amd64.whl", hash = "sha256:0a422fc290d03958899743db091f8154958410fc76ce7ee0ceb66150f72c2c97"},
    {file = "pyzmq-19.0.2-cp27-cp27mu-manylinux1_i686.whl", hash = "sha256:c20dd60b9428f532bc59f2ef6d3b1029a28fc790d408af82f871a7db03e722ff"},
    {file = "pyzmq-19.0.2-cp27-cp27mu-manylinux1_x86_64.whl", hash = "sha256:d46fb17f5693244de83e434648b3dbb4f4b0fec88415d6cbab1c1452b6f2ae17"},
    {file = "pyzmq-19.0.2-cp35-cp35m-macosx_10_9_intel.whl", hash = "sha256:f1a25a61495b6f7bb986accc5b597a3541d9bd3ef0016f50be16dbb32025b302"},
    {file = "pyzmq-19.0.2-cp35-cp35m-manylinux1_i686.whl", hash = "sha256:ab0d01148d13854de716786ca73701012e07dff4dfbbd68c4e06d8888743526e"},
    {file = "pyzmq-19.0.2-cp35-cp35m-manylinux1_x86_64.whl", hash = "sha256:720d2b6083498a9281eaee3f2927486e9fe02cd16d13a844f2e95217f243efea"},
    {file = "pyzmq-19.0.2-cp35-cp35m-win32.whl", hash = "sha256:29d51279060d0a70f551663bc592418bcad7f4be4eea7b324f6dd81de05cb4c1"},
    {file = "pyzmq-19.0.2-cp35-cp35m-win_amd64.whl", hash = "sha256:5120c64646e75f6db20cc16b9a94203926ead5d633de9feba4f137004241221d"},
    {file = "pyzmq-19.0.2-cp36-cp36m-macosx_10_9_intel.whl", hash = "sha256:8a6ada5a3f719bf46a04ba38595073df8d6b067316c011180102ba2a1925f5b5"},
    {file = "pyzmq-19.0.2-cp36-cp36m-manylinux1_i686.whl", hash = "sha256:fa411b1d8f371d3a49d31b0789eb6da2537dadbb2aef74a43aa99a78195c3f76"},
    {file = "pyzmq-19.0.2-cp36-cp36m-manylinux1_x86_64.whl", hash = "sha256:00dca814469436455399660247d74045172955459c0bd49b54a540ce4d652185"},
    {file = "pyzmq-19.0.2-cp36-cp36m-win32.whl", hash = "sha256:046b92e860914e39612e84fa760fc3f16054d268c11e0e25dcb011fb1bc6a075"},
    {file = "pyzmq-19.0.2-cp36-cp36m-win_amd64.whl", hash = "sha256:99cc0e339a731c6a34109e5c4072aaa06d8e32c0b93dc2c2d90345dd45fa196c"},
    {file = "pyzmq-19.0.2-cp37-cp37m-macosx_10_9_x86_64.whl", hash = "sha256:e36f12f503511d72d9bdfae11cadbadca22ff632ff67c1b5459f69756a029c19"},
    {file = "pyzmq-19.0.2-cp37-cp37m-manylinux1_i686.whl", hash = "sha256:c40fbb2b9933369e994b837ee72193d6a4c35dfb9a7c573257ef7ff28961272c"},
    {file = "pyzmq-19.0.2-cp37-cp37m-manylinux1_x86_64.whl", hash = "sha256:5d9fc809aa8d636e757e4ced2302569d6e60e9b9c26114a83f0d9d6519c40493"},
    {file = "pyzmq-19.0.2-cp37-cp37m-win32.whl", hash = "sha256:3fa6debf4bf9412e59353defad1f8035a1e68b66095a94ead8f7a61ae90b2675"},
    {file = "pyzmq-19.0.2-cp37-cp37m-win_amd64.whl", hash = "sha256:73483a2caaa0264ac717af33d6fb3f143d8379e60a422730ee8d010526ce1913"},
    {file = "pyzmq-19.0.2-cp38-cp38-macosx_10_9_x86_64.whl", hash = "sha256:36ab114021c0cab1a423fe6689355e8f813979f2c750968833b318c1fa10a0fd"},
    {file = "pyzmq-19.0.2-cp38-cp38-manylinux1_i686.whl", hash = "sha256:8b66b94fe6243d2d1d89bca336b2424399aac57932858b9a30309803ffc28112"},
    {file = "pyzmq-19.0.2-cp38-cp38-manylinux1_x86_64.whl", hash = "sha256:654d3e06a4edc566b416c10293064732516cf8871a4522e0a2ba00cc2a2e600c"},
    {file = "pyzmq-19.0.2-cp38-cp38-win32.whl", hash = "sha256:276ad604bffd70992a386a84bea34883e696a6b22e7378053e5d3227321d9702"},
    {file = "pyzmq-19.0.2-cp38-cp38-win_amd64.whl", hash = "sha256:09d24a80ccb8cbda1af6ed8eb26b005b6743e58e9290566d2a6841f4e31fa8e0"},
    {file = "pyzmq-19.0.2-cp39-cp39-macosx_10_9_x86_64.whl", hash = "sha256:18189fc59ff5bf46b7ccf5a65c1963326dbfc85a2bc73e9f4a90a40322b992c8"},
    {file = "pyzmq-19.0.2-cp39-cp39-manylinux1_i686.whl", hash = "sha256:b1dd4cf4c5e09cbeef0aee83f3b8af1e9986c086a8927b261c042655607571e8"},
    {file = "pyzmq-19.0.2-cp39-cp39-manylinux1_x86_64.whl", hash = "sha256:c6d653bab76b3925c65d4ac2ddbdffe09710f3f41cc7f177299e8c4498adb04a"},
    {file = "pyzmq-19.0.2-cp39-cp39-win_amd64.whl", hash = "sha256:949a219493a861c263b75a16588eadeeeab08f372e25ff4a15a00f73dfe341f4"},
    {file = "pyzmq-19.0.2-pp27-pypy_73-macosx_10_9_x86_64.whl", hash = "sha256:c1a31cd42905b405530e92bdb70a8a56f048c8a371728b8acf9d746ecd4482c0"},
    {file = "pyzmq-19.0.2-pp36-pypy36_pp73-macosx_10_9_x86_64.whl", hash = "sha256:a7e7f930039ee0c4c26e4dfee015f20bd6919cd8b97c9cd7afbde2923a5167b6"},
    {file = "pyzmq-19.0.2.tar.gz", hash = "sha256:296540a065c8c21b26d63e3cea2d1d57902373b16e4256afe46422691903a438"},
]
requests = [
    {file = "requests-2.27.1-py2.py3-none-any.whl", hash = "sha256:f22fa1e554c9ddfd16e6e41ac79759e17be9e492b3587efa038054674760e72d"},
    {file = "requests-2.27.1.tar.gz", hash = "sha256:68d7c56fd5a8999887728ef304a6d12edc7be74f1cfa47714fc8b414525c9a61"},
]
six = [
    {file = "six-1.16.0-py2.py3-none-any.whl", hash = "sha256:8abb2f1d86890a2dfb989f9a77cfcfd3e47c2a354b01111771326f8aa26e0254"},
    {file = "six-1.16.0.tar.gz", hash = "sha256:1e61c37477a1626458e36f7b1d82aa5c9b094fa4802892072e49de9c60c4c926"},
]
supervisor = [
    {file = "supervisor-4.2.4-py2.py3-none-any.whl", hash = "sha256:bbae57abf74e078fe0ecc9f30068b6da41b840546e233ef1e659a12e4c875af6"},
    {file = "supervisor-4.2.4.tar.gz", hash = "sha256:40dc582ce1eec631c3df79420b187a6da276bbd68a4ec0a8f1f123ea616b97a2"},
]
urllib3 = [
    {file = "urllib3-1.26.12-py2.py3-none-any.whl", hash = "sha256:b930dd878d5a8afb066a637fbb35144fe7901e3b209d1cd4f524bd0e9deee997"},
    {file = "urllib3-1.26.12.tar.gz", hash = "sha256:3fa96cf423e6987997fc326ae8df396db2a8b7c667747d47ddd8ecba91f4a74e"},
]
urlobject = [
    {file = "URLObject-2.1.1.tar.gz", hash = "sha256:06462b6ab3968e7be99442a0ecaf20ac90fdf0c50dca49126019b7bf803b1d17"},
]
